
Microsoft Visual Studio Solution File, Format Version 12.00
# Visual Studio Version 17
VisualStudioVersion = 17.3.32929.385
MinimumVisualStudioVersion = 10.0.40219.1
Project("{FAE04EC0-301F-11D3-BF4B-00C04F79EFBC}") = "Ejercicio8Poo", "Ejercicio8Poo\Ejercicio8Poo.csproj", "{CFC87B73-694B-4FF9-BF3B-78F8C7FA8E59}"
EndProject
Global
	GlobalSection(SolutionConfigurationPlatforms) = preSolution
		Debug|Any CPU = Debug|Any CPU
		Release|Any CPU = Release|Any CPU
	EndGlobalSection
	GlobalSection(ProjectConfigurationPlatforms) = postSolution
		{CFC87B73-694B-4FF9-BF3B-78F8C7FA8E59}.Debug|Any CPU.ActiveCfg = Debug|Any CPU
		{CFC87B73-694B-4FF9-BF3B-78F8C7FA8E59}.Debug|Any CPU.Build.0 = Debug|Any CPU
		{CFC87B73-694B-4FF9-BF3B-78F8C7FA8E59}.Release|Any CPU.ActiveCfg = Release|Any CPU
		{CFC87B73-694B-4FF9-BF3B-78F8C7FA8E59}.Release|Any CPU.Build.0 = Release|Any CPU
	EndGlobalSection
	GlobalSection(SolutionProperties) = preSolution
		HideSolutionNode = FALSE
	EndGlobalSection
	GlobalSection(ExtensibilityGlobals) = postSolution
		SolutionGuid = {FC30CC64-AE13-454E-A784-72CDDD7B6E6B}
	EndGlobalSection
EndGlobal
