
Microsoft Visual Studio Solution File, Format Version 12.00
# Visual Studio Version 17
VisualStudioVersion = 17.3.32929.385
MinimumVisualStudioVersion = 10.0.40219.1
Project("{FAE04EC0-301F-11D3-BF4B-00C04F79EFBC}") = "Ejercicio6Poo", "Ejercicio6Poo\Ejercicio6Poo.csproj", "{8BAA560D-70A8-4B64-B796-A352A698F808}"
EndProject
Global
	GlobalSection(SolutionConfigurationPlatforms) = preSolution
		Debug|Any CPU = Debug|Any CPU
		Release|Any CPU = Release|Any CPU
	EndGlobalSection
	GlobalSection(ProjectConfigurationPlatforms) = postSolution
		{8BAA560D-70A8-4B64-B796-A352A698F808}.Debug|Any CPU.ActiveCfg = Debug|Any CPU
		{8BAA560D-70A8-4B64-B796-A352A698F808}.Debug|Any CPU.Build.0 = Debug|Any CPU
		{8BAA560D-70A8-4B64-B796-A352A698F808}.Release|Any CPU.ActiveCfg = Release|Any CPU
		{8BAA560D-70A8-4B64-B796-A352A698F808}.Release|Any CPU.Build.0 = Release|Any CPU
	EndGlobalSection
	GlobalSection(SolutionProperties) = preSolution
		HideSolutionNode = FALSE
	EndGlobalSection
	GlobalSection(ExtensibilityGlobals) = postSolution
		SolutionGuid = {F02C389E-025A-4112-9F43-239E7D9F071E}
	EndGlobalSection
EndGlobal
